
Microsoft Visual Studio Solution File, Format Version 12.00
# Visual Studio Version 16
VisualStudioVersion = 16.0.30804.86
MinimumVisualStudioVersion = 10.0.40219.1
Project("{FAE04EC0-301F-11D3-BF4B-00C04F79EFBC}") = "XUnitTestProject2", "XUnitTestProject2.csproj", "{5EB66E26-B6BF-4C46-8702-F0F4AFFEA7A8}"
EndProject
Global
	GlobalSection(SolutionConfigurationPlatforms) = preSolution
		Debug|Any CPU = Debug|Any CPU
		Release|Any CPU = Release|Any CPU
	EndGlobalSection
	GlobalSection(ProjectConfigurationPlatforms) = postSolution
		{5EB66E26-B6BF-4C46-8702-F0F4AFFEA7A8}.Debug|Any CPU.ActiveCfg = Debug|Any CPU
		{5EB66E26-B6BF-4C46-8702-F0F4AFFEA7A8}.Debug|Any CPU.Build.0 = Debug|Any CPU
		{5EB66E26-B6BF-4C46-8702-F0F4AFFEA7A8}.Release|Any CPU.ActiveCfg = Release|Any CPU
		{5EB66E26-B6BF-4C46-8702-F0F4AFFEA7A8}.Release|Any CPU.Build.0 = Release|Any CPU
	EndGlobalSection
	GlobalSection(SolutionProperties) = preSolution
		HideSolutionNode = FALSE
	EndGlobalSection
	GlobalSection(ExtensibilityGlobals) = postSolution
		SolutionGuid = {FCD13438-98FD-414A-B2C0-CE408A6B504C}
	EndGlobalSection
EndGlobal
